
Microsoft Visual Studio Solution File, Format Version 12.00
# Visual Studio Version 17
VisualStudioVersion = 17.1.32328.378
MinimumVisualStudioVersion = 10.0.40219.1
Project("{FAE04EC0-301F-11D3-BF4B-00C04F79EFBC}") = "Depot", "depot\Depot.csproj", "{EF034A4F-53CA-4E66-B34B-992A3B91ABFA}"
EndProject
Global
	GlobalSection(SolutionConfigurationPlatforms) = preSolution
		Debug|Any CPU = Debug|Any CPU
		Release|Any CPU = Release|Any CPU
	EndGlobalSection
	GlobalSection(ProjectConfigurationPlatforms) = postSolution
		{EF034A4F-53CA-4E66-B34B-992A3B91ABFA}.Debug|Any CPU.ActiveCfg = Debug|Any CPU
		{EF034A4F-53CA-4E66-B34B-992A3B91ABFA}.Debug|Any CPU.Build.0 = Debug|Any CPU
		{EF034A4F-53CA-4E66-B34B-992A3B91ABFA}.Release|Any CPU.ActiveCfg = Release|Any CPU
		{EF034A4F-53CA-4E66-B34B-992A3B91ABFA}.Release|Any CPU.Build.0 = Release|Any CPU
	EndGlobalSection
	GlobalSection(SolutionProperties) = preSolution
		HideSolutionNode = FALSE
	EndGlobalSection
	GlobalSection(ExtensibilityGlobals) = postSolution
		SolutionGuid = {748DF144-934D-4438-8550-B1E69D068D49}
	EndGlobalSection
EndGlobal
